// !$*UTF8*$!
{
	archiveVersion = 1;
	classes = {
	};
	objectVersion = 42;
	objects = {

/* Begin PBXAggregateTarget section */
		164BDCAF14CCA7750061E1EF /* Build Test */ = {
			isa = PBXAggregateTarget;
			buildConfigurationList = 164BDCB614CCA7E50061E1EF /* Build configuration list for PBXAggregateTarget "Build Test" */;
			buildPhases = (
				164BDCAE14CCA7750061E1EF /* ShellScript */,
			);
			dependencies = (
			);
			name = "Build Test";
			productName = "Make all test";
		};
		168AAD840CD0042400F36E4B /* libgamma{.a, .dylib} */ = {
			isa = PBXAggregateTarget;
			buildConfigurationList = 168AAD8B0CD0046700F36E4B /* Build configuration list for PBXAggregateTarget "libgamma{.a, .dylib}" */;
			buildPhases = (
			);
			dependencies = (
				168AAD880CD0043200F36E4B /* PBXTargetDependency */,
				168AAD860CD0042F00F36E4B /* PBXTargetDependency */,
			);
			name = "libgamma{.a, .dylib}";
			productName = "libsynz(.a, .dylib)";
		};
/* End PBXAggregateTarget section */

/* Begin PBXBuildFile section */
		160351A50D090B9D003CC766 /* gen.h in Headers */ = {isa = PBXBuildFile; fileRef = 160351A30D090B9C003CC766 /* gen.h */; };
		161263A41140691600E55446 /* Allocator.h in Headers */ = {isa = PBXBuildFile; fileRef = 161263A21140691600E55446 /* Allocator.h */; };
		163459CC16D6418E00F89A99 /* Domain.cpp in Sources */ = {isa = PBXBuildFile; fileRef = 163459CB16D6418E00F89A99 /* Domain.cpp */; };
		164F33B810508E77009FAD10 /* File.cpp in Sources */ = {isa = PBXBuildFile; fileRef = 16827D5810013FEE001088E7 /* File.cpp */; };
		1665447F187D6CCE00DCF468 /* unitTests.cpp in Sources */ = {isa = PBXBuildFile; fileRef = 1665447E187D6CCE00DCF468 /* unitTests.cpp */; };
		16654480187D6D2B00DCF468 /* DFT.cpp in Sources */ = {isa = PBXBuildFile; fileRef = 16D15CA309F0219B001AE497 /* DFT.cpp */; };
		16692FAF126FC9A300C1F4E9 /* Recorder.cpp in Sources */ = {isa = PBXBuildFile; fileRef = 16692FAE126FC9A300C1F4E9 /* Recorder.cpp */; };
		16692FB0126FC9A300C1F4E9 /* Recorder.cpp in Sources */ = {isa = PBXBuildFile; fileRef = 16692FAE126FC9A300C1F4E9 /* Recorder.cpp */; };
		16692FB1126FC9A300C1F4E9 /* Recorder.cpp in Sources */ = {isa = PBXBuildFile; fileRef = 16692FAE126FC9A300C1F4E9 /* Recorder.cpp */; };
		167479521158054C00A1556D /* Print.cpp in Sources */ = {isa = PBXBuildFile; fileRef = 167479511158054C00A1556D /* Print.cpp */; };
		167479531158054C00A1556D /* Print.cpp in Sources */ = {isa = PBXBuildFile; fileRef = 167479511158054C00A1556D /* Print.cpp */; };
		167479541158054C00A1556D /* Print.cpp in Sources */ = {isa = PBXBuildFile; fileRef = 167479511158054C00A1556D /* Print.cpp */; };
		167479F5115806C800A1556D /* Allocator.h in Headers */ = {isa = PBXBuildFile; fileRef = 161263A21140691600E55446 /* Allocator.h */; };
		167479F6115806C800A1556D /* arr.h in Headers */ = {isa = PBXBuildFile; fileRef = 16EDF9B6094F8C2600549AC9 /* arr.h */; };
		167479F7115806C800A1556D /* AudioIO.h in Headers */ = {isa = PBXBuildFile; fileRef = 16F836E10A1E888200F05DF5 /* AudioIO.h */; };
		167479F9115806C800A1556D /* Constants.h in Headers */ = {isa = PBXBuildFile; fileRef = 16EDF9B9094F8C2600549AC9 /* Constants.h */; };
		167479FA115806C800A1556D /* Containers.h in Headers */ = {isa = PBXBuildFile; fileRef = 16CCF9C00A9EC1650013D2BF /* Containers.h */; };
		167479FB115806C800A1556D /* Delay.h in Headers */ = {isa = PBXBuildFile; fileRef = 16EDF9BD094F8C2600549AC9 /* Delay.h */; };
		167479FC115806C800A1556D /* DFT.h in Headers */ = {isa = PBXBuildFile; fileRef = 16D15CA209F0219B001AE497 /* DFT.h */; };
		167479FD115806C800A1556D /* Effects.h in Headers */ = {isa = PBXBuildFile; fileRef = 16CF8D5A0BD9921200A80471 /* Effects.h */; };
		167479FE115806C800A1556D /* Envelope.h in Headers */ = {isa = PBXBuildFile; fileRef = 16EDF9C1094F8C2600549AC9 /* Envelope.h */; };
		167479FF115806C800A1556D /* Gamma.h in Headers */ = {isa = PBXBuildFile; fileRef = 16CEF9120BBCDA0A0049666F /* Gamma.h */; };
		16747A00115806C800A1556D /* gen.h in Headers */ = {isa = PBXBuildFile; fileRef = 160351A30D090B9C003CC766 /* gen.h */; };
		16747A01115806C800A1556D /* ipl.h in Headers */ = {isa = PBXBuildFile; fileRef = 16EDF9C5094F8C2600549AC9 /* ipl.h */; };
		16747A02115806C800A1556D /* mem.h in Headers */ = {isa = PBXBuildFile; fileRef = 16CDD4430ABF788300F66F1B /* mem.h */; };
		16747A03115806C800A1556D /* Node.h in Headers */ = {isa = PBXBuildFile; fileRef = 16F7D07C0B5414A1008A2E29 /* Node.h */; };
		16747A04115806C800A1556D /* Noise.h in Headers */ = {isa = PBXBuildFile; fileRef = 16EDF9D0094F8C2600549AC9 /* Noise.h */; };
		16747A05115806C800A1556D /* Oscillator.h in Headers */ = {isa = PBXBuildFile; fileRef = 16EDF9D2094F8C2600549AC9 /* Oscillator.h */; };
		16747A07115806C800A1556D /* rnd.h in Headers */ = {isa = PBXBuildFile; fileRef = 16EDF9E9094F8C2600549AC9 /* rnd.h */; };
		16747A09115806C800A1556D /* scl.h in Headers */ = {isa = PBXBuildFile; fileRef = 16EDF9C9094F8C2600549AC9 /* scl.h */; };
		16747A0A115806C800A1556D /* SoundFile.h in Headers */ = {isa = PBXBuildFile; fileRef = 16E99A200A2A4B7800210497 /* SoundFile.h */; };
		16747A0B115806C800A1556D /* Sync.h in Headers */ = {isa = PBXBuildFile; fileRef = 168B78F50B75C59100645F1F /* Sync.h */; };
		16747A0C115806C800A1556D /* tbl.h in Headers */ = {isa = PBXBuildFile; fileRef = 16EDF9EB094F8C2600549AC9 /* tbl.h */; };
		16747A0D115806C800A1556D /* Timer.h in Headers */ = {isa = PBXBuildFile; fileRef = 160E7B3E0B36792200CE82F3 /* Timer.h */; };
		16747A0E115806D500A1556D /* Print.h in Headers */ = {isa = PBXBuildFile; fileRef = 167479501158052400A1556D /* Print.h */; };
		16747A10115806FF00A1556D /* Access.h in Headers */ = {isa = PBXBuildFile; fileRef = 1686EA810F8DB1F100D0452F /* Access.h */; };
		16747A11115806FF00A1556D /* Conversion.h in Headers */ = {isa = PBXBuildFile; fileRef = 16938ABF0FBD0C4400274B2A /* Conversion.h */; };
		16747A14115806FF00A1556D /* FFT.h in Headers */ = {isa = PBXBuildFile; fileRef = 7E09511E0DECCE18000AF828 /* FFT.h */; };
		16747A15115806FF00A1556D /* File.h in Headers */ = {isa = PBXBuildFile; fileRef = 1686EA820F8DB1F100D0452F /* File.h */; };
		16747A17115806FF00A1556D /* pstdint.h in Headers */ = {isa = PBXBuildFile; fileRef = 169389570FBCCE4200274B2A /* pstdint.h */; };
		16747A1A115806FF00A1556D /* Strategy.h in Headers */ = {isa = PBXBuildFile; fileRef = 16064BD30DFF02680043BC29 /* Strategy.h */; };
		16747A1C115806FF00A1556D /* Types.h in Headers */ = {isa = PBXBuildFile; fileRef = 164622960E0EEDD80011911A /* Types.h */; };
		16747A1D115806FF00A1556D /* UnitMaps.h in Headers */ = {isa = PBXBuildFile; fileRef = 16F133850FFF426400DE56F6 /* UnitMaps.h */; };
		16827D5C10014013001088E7 /* arr.cpp in Sources */ = {isa = PBXBuildFile; fileRef = 16EDF9B5094F8C2600549AC9 /* arr.cpp */; };
		16827D5D10014013001088E7 /* AudioIO.cpp in Sources */ = {isa = PBXBuildFile; fileRef = 16F836E00A1E888200F05DF5 /* AudioIO.cpp */; };
		16827D5E10014013001088E7 /* Conversion.cpp in Sources */ = {isa = PBXBuildFile; fileRef = 16938AC00FBD0C6700274B2A /* Conversion.cpp */; };
		16827D5F10014013001088E7 /* DFT.cpp in Sources */ = {isa = PBXBuildFile; fileRef = 16D15CA309F0219B001AE497 /* DFT.cpp */; };
		16827D6010014013001088E7 /* FFT_fftpack.cpp in Sources */ = {isa = PBXBuildFile; fileRef = 16DEEFB60E4ABA57001292EF /* FFT_fftpack.cpp */; };
		16827D6210014013001088E7 /* File.cpp in Sources */ = {isa = PBXBuildFile; fileRef = 16827D5810013FEE001088E7 /* File.cpp */; };
		16827D6310014013001088E7 /* scl.cpp in Sources */ = {isa = PBXBuildFile; fileRef = 16EDF9C8094F8C2600549AC9 /* scl.cpp */; };
		16827D6410014013001088E7 /* SoundFile.cpp in Sources */ = {isa = PBXBuildFile; fileRef = 16E99A210A2A4B7800210497 /* SoundFile.cpp */; };
		16827D671001402E001088E7 /* File.cpp in Sources */ = {isa = PBXBuildFile; fileRef = 16827D5810013FEE001088E7 /* File.cpp */; };
		168AAD780CD0033700F36E4B /* Carbon.framework in Frameworks */ = {isa = PBXBuildFile; fileRef = 16D24FA80A9BA77100415E9E /* Carbon.framework */; };
		168AAD790CD0033700F36E4B /* AudioUnit.framework in Frameworks */ = {isa = PBXBuildFile; fileRef = 16D24F930A9BA74800415E9E /* AudioUnit.framework */; };
		168AAD7A0CD0033700F36E4B /* AudioToolbox.framework in Frameworks */ = {isa = PBXBuildFile; fileRef = 7EB464320825DDF5002E1A73 /* AudioToolbox.framework */; };
		168AAD7B0CD0033700F36E4B /* CoreAudio.framework in Frameworks */ = {isa = PBXBuildFile; fileRef = 7EB464330825DDF5002E1A73 /* CoreAudio.framework */; };
		1695E7491295AE1400F6F3C0 /* libportaudio.a in Frameworks */ = {isa = PBXBuildFile; fileRef = 1695E7431295AE1400F6F3C0 /* libportaudio.a */; };
		1695E74A1295AE1400F6F3C0 /* libsndfile.a in Frameworks */ = {isa = PBXBuildFile; fileRef = 1695E7441295AE1400F6F3C0 /* libsndfile.a */; };
		1695E74B1295AE1400F6F3C0 /* libportaudio.a in Frameworks */ = {isa = PBXBuildFile; fileRef = 1695E7431295AE1400F6F3C0 /* libportaudio.a */; };
		1695E74C1295AE1400F6F3C0 /* libsndfile.a in Frameworks */ = {isa = PBXBuildFile; fileRef = 1695E7441295AE1400F6F3C0 /* libsndfile.a */; };
		16BC61B80FFC896A00AF1B29 /* arr.cpp in Sources */ = {isa = PBXBuildFile; fileRef = 16EDF9B5094F8C2600549AC9 /* arr.cpp */; };
		16BC61B90FFC896A00AF1B29 /* scl.cpp in Sources */ = {isa = PBXBuildFile; fileRef = 16EDF9C8094F8C2600549AC9 /* scl.cpp */; };
		16C967550FFDD9A3008072A9 /* Conversion.cpp in Sources */ = {isa = PBXBuildFile; fileRef = 16938AC00FBD0C6700274B2A /* Conversion.cpp */; };
		16E3D2D3115C3B1A009165E6 /* fftpack++.h in Headers */ = {isa = PBXBuildFile; fileRef = 16E3D2D0115C3B1A009165E6 /* fftpack++.h */; };
		16E3D2D4115C3B1A009165E6 /* fftpack++1.cpp in Sources */ = {isa = PBXBuildFile; fileRef = 16E3D2D1115C3B1A009165E6 /* fftpack++1.cpp */; };
		16E3D2D5115C3B1A009165E6 /* fftpack++2.cpp in Sources */ = {isa = PBXBuildFile; fileRef = 16E3D2D2115C3B1A009165E6 /* fftpack++2.cpp */; };
		16E3D2D6115C3B1A009165E6 /* fftpack++.h in Headers */ = {isa = PBXBuildFile; fileRef = 16E3D2D0115C3B1A009165E6 /* fftpack++.h */; };
		16E3D2D7115C3B1A009165E6 /* fftpack++1.cpp in Sources */ = {isa = PBXBuildFile; fileRef = 16E3D2D1115C3B1A009165E6 /* fftpack++1.cpp */; };
		16E3D2D8115C3B1A009165E6 /* fftpack++2.cpp in Sources */ = {isa = PBXBuildFile; fileRef = 16E3D2D2115C3B1A009165E6 /* fftpack++2.cpp */; };
		16E3D2D9115C3B1A009165E6 /* fftpack++1.cpp in Sources */ = {isa = PBXBuildFile; fileRef = 16E3D2D1115C3B1A009165E6 /* fftpack++1.cpp */; };
		16E3D2DA115C3B1A009165E6 /* fftpack++2.cpp in Sources */ = {isa = PBXBuildFile; fileRef = 16E3D2D2115C3B1A009165E6 /* fftpack++2.cpp */; };
		16F133EF0FFF4A8600DE56F6 /* Conversion.cpp in Sources */ = {isa = PBXBuildFile; fileRef = 16938AC00FBD0C6700274B2A /* Conversion.cpp */; };
		16F133F00FFF4A8600DE56F6 /* FFT_fftpack.cpp in Sources */ = {isa = PBXBuildFile; fileRef = 16DEEFB60E4ABA57001292EF /* FFT_fftpack.cpp */; };
		16F133F90FFF4B0700DE56F6 /* FFT_fftpack.cpp in Sources */ = {isa = PBXBuildFile; fileRef = 16DEEFB60E4ABA57001292EF /* FFT_fftpack.cpp */; };
		C0F9EF690BB059740069B343 /* arr.cpp in Sources */ = {isa = PBXBuildFile; fileRef = 16EDF9B5094F8C2600549AC9 /* arr.cpp */; };
		C0F9EF6B0BB059760069B343 /* AudioIO.cpp in Sources */ = {isa = PBXBuildFile; fileRef = 16F836E00A1E888200F05DF5 /* AudioIO.cpp */; };
		C0F9EF720BB0598F0069B343 /* DFT.cpp in Sources */ = {isa = PBXBuildFile; fileRef = 16D15CA309F0219B001AE497 /* DFT.cpp */; };
		C0F9EF840BB059A50069B343 /* scl.cpp in Sources */ = {isa = PBXBuildFile; fileRef = 16EDF9C8094F8C2600549AC9 /* scl.cpp */; };
		C0F9EF860BB059AE0069B343 /* SoundFile.cpp in Sources */ = {isa = PBXBuildFile; fileRef = 16E99A210A2A4B7800210497 /* SoundFile.cpp */; };
		C0F9EF940BB059DD0069B343 /* AudioToolbox.framework in Frameworks */ = {isa = PBXBuildFile; fileRef = 7EB464320825DDF5002E1A73 /* AudioToolbox.framework */; };
		C0F9EF950BB059DD0069B343 /* AudioUnit.framework in Frameworks */ = {isa = PBXBuildFile; fileRef = 16D24F930A9BA74800415E9E /* AudioUnit.framework */; };
		C0F9EF960BB059E10069B343 /* CoreAudio.framework in Frameworks */ = {isa = PBXBuildFile; fileRef = 7EB464330825DDF5002E1A73 /* CoreAudio.framework */; };
		C0F9EF980BB059F40069B343 /* Carbon.framework in Frameworks */ = {isa = PBXBuildFile; fileRef = 16D24FA80A9BA77100415E9E /* Carbon.framework */; };
/* End PBXBuildFile section */

/* Begin PBXContainerItemProxy section */
		168AAD850CD0042F00F36E4B /* PBXContainerItemProxy */ = {
			isa = PBXContainerItemProxy;
			containerPortal = 7EB463D00825DC05002E1A73 /* Project object */;
			proxyType = 1;
			remoteGlobalIDString = C0F9EF670BB059670069B343;
			remoteInfo = libsynz.dylib;
		};
		168AAD870CD0043200F36E4B /* PBXContainerItemProxy */ = {
			isa = PBXContainerItemProxy;
			containerPortal = 7EB463D00825DC05002E1A73 /* Project object */;
			proxyType = 1;
			remoteGlobalIDString = 168AAC9C0CD0025D00F36E4B;
			remoteInfo = libsynz.a;
		};
/* End PBXContainerItemProxy section */

/* Begin PBXFileReference section */
		160351A30D090B9C003CC766 /* gen.h */ = {isa = PBXFileReference; fileEncoding = 30; lastKnownFileType = sourcecode.c.h; name = gen.h; path = ../../Gamma/gen.h; sourceTree = SOURCE_ROOT; };
		16064BD30DFF02680043BC29 /* Strategy.h */ = {isa = PBXFileReference; fileEncoding = 30; lastKnownFileType = sourcecode.c.h; name = Strategy.h; path = ../../Gamma/Strategy.h; sourceTree = SOURCE_ROOT; };
		1609A9E51292018400A2484F /* FormantData.h */ = {isa = PBXFileReference; fileEncoding = 4; lastKnownFileType = sourcecode.c.h; path = FormantData.h; sourceTree = "<group>"; };
		1609E5A011E5B743001A3853 /* SamplePlayer.h */ = {isa = PBXFileReference; fileEncoding = 4; lastKnownFileType = sourcecode.c.h; path = SamplePlayer.h; sourceTree = "<group>"; };
		160E7B3E0B36792200CE82F3 /* Timer.h */ = {isa = PBXFileReference; fileEncoding = 4; lastKnownFileType = sourcecode.c.h; name = Timer.h; path = ../../Gamma/Timer.h; sourceTree = SOURCE_ROOT; };
		161263A21140691600E55446 /* Allocator.h */ = {isa = PBXFileReference; fileEncoding = 4; lastKnownFileType = sourcecode.c.h; name = Allocator.h; path = ../Gamma/Allocator.h; sourceTree = "<group>"; };
		1634598F16D62F8E00F89A99 /* Domain.h */ = {isa = PBXFileReference; fileEncoding = 4; lastKnownFileType = sourcecode.c.h; path = Domain.h; sourceTree = "<group>"; };
		163459CB16D6418E00F89A99 /* Domain.cpp */ = {isa = PBXFileReference; fileEncoding = 4; lastKnownFileType = sourcecode.cpp.cpp; path = Domain.cpp; sourceTree = "<group>"; };
		1641525D16020CB700098796 /* Config.h */ = {isa = PBXFileReference; fileEncoding = 4; lastKnownFileType = sourcecode.c.h; path = Config.h; sourceTree = "<group>"; };
		164622960E0EEDD80011911A /* Types.h */ = {isa = PBXFileReference; fileEncoding = 4; lastKnownFileType = sourcecode.c.h; name = Types.h; path = ../../Gamma/Types.h; sourceTree = SOURCE_ROOT; };
		164BDD0B14CCAE3F0061E1EF /* examples */ = {isa = PBXFileReference; lastKnownFileType = folder; name = examples; path = ../../examples; sourceTree = SOURCE_ROOT; };
		1651C54515227A2F00BBAADC /* Filter.h */ = {isa = PBXFileReference; fileEncoding = 4; lastKnownFileType = sourcecode.c.h; path = Filter.h; sourceTree = "<group>"; };
		1651C5F81522913500BBAADC /* TransferFunc.h */ = {isa = PBXFileReference; fileEncoding = 4; lastKnownFileType = sourcecode.c.h; path = TransferFunc.h; sourceTree = "<group>"; };
		165B1DCD1501961500ED79EB /* Scheduler.h */ = {isa = PBXFileReference; fileEncoding = 4; lastKnownFileType = sourcecode.c.h; path = Scheduler.h; sourceTree = "<group>"; };
		165B1DCE1501963100ED79EB /* Scheduler.cpp */ = {isa = PBXFileReference; fileEncoding = 4; lastKnownFileType = sourcecode.cpp.cpp; path = Scheduler.cpp; sourceTree = "<group>"; };
		165DA46B15213D960063FABF /* Thread.h */ = {isa = PBXFileReference; fileEncoding = 4; lastKnownFileType = sourcecode.c.h; path = Thread.h; sourceTree = "<group>"; };
		1665447E187D6CCE00DCF468 /* unitTests.cpp */ = {isa = PBXFileReference; fileEncoding = 4; lastKnownFileType = sourcecode.cpp.cpp; name = unitTests.cpp; path = ../../tests/unitTests.cpp; sourceTree = SOURCE_ROOT; };
		16692FAD126FC53100C1F4E9 /* Recorder.h */ = {isa = PBXFileReference; fileEncoding = 4; lastKnownFileType = sourcecode.c.h; path = Recorder.h; sourceTree = "<group>"; };
		16692FAE126FC9A300C1F4E9 /* Recorder.cpp */ = {isa = PBXFileReference; fileEncoding = 4; lastKnownFileType = sourcecode.cpp.cpp; path = Recorder.cpp; sourceTree = "<group>"; };
		167479501158052400A1556D /* Print.h */ = {isa = PBXFileReference; fileEncoding = 4; lastKnownFileType = sourcecode.c.h; path = Print.h; sourceTree = "<group>"; };
		167479511158054C00A1556D /* Print.cpp */ = {isa = PBXFileReference; fileEncoding = 4; lastKnownFileType = sourcecode.cpp.cpp; path = Print.cpp; sourceTree = "<group>"; };
		16827D5810013FEE001088E7 /* File.cpp */ = {isa = PBXFileReference; fileEncoding = 4; lastKnownFileType = sourcecode.cpp.cpp; path = File.cpp; sourceTree = "<group>"; };
		1686EA810F8DB1F100D0452F /* Access.h */ = {isa = PBXFileReference; fileEncoding = 4; lastKnownFileType = sourcecode.c.h; name = Access.h; path = ../../Gamma/Access.h; sourceTree = SOURCE_ROOT; };
		1686EA820F8DB1F100D0452F /* File.h */ = {isa = PBXFileReference; fileEncoding = 4; lastKnownFileType = sourcecode.c.h; name = File.h; path = ../../Gamma/File.h; sourceTree = SOURCE_ROOT; };
		168AAC9D0CD0025D00F36E4B /* libgamma.a */ = {isa = PBXFileReference; explicitFileType = archive.ar; includeInIndex = 0; path = libgamma.a; sourceTree = BUILT_PRODUCTS_DIR; };
		168B78F50B75C59100645F1F /* Sync.h */ = {isa = PBXFileReference; fileEncoding = 30; lastKnownFileType = sourcecode.c.h; name = Sync.h; path = ../../Gamma/Sync.h; sourceTree = SOURCE_ROOT; };
		168D491C18511B4B00D00338 /* Analysis.h */ = {isa = PBXFileReference; fileEncoding = 4; lastKnownFileType = sourcecode.c.h; path = Analysis.h; sourceTree = "<group>"; };
		169389570FBCCE4200274B2A /* pstdint.h */ = {isa = PBXFileReference; fileEncoding = 4; lastKnownFileType = sourcecode.c.h; name = pstdint.h; path = ../../Gamma/pstdint.h; sourceTree = SOURCE_ROOT; };
		16938ABF0FBD0C4400274B2A /* Conversion.h */ = {isa = PBXFileReference; fileEncoding = 4; lastKnownFileType = sourcecode.c.h; name = Conversion.h; path = ../../Gamma/Conversion.h; sourceTree = SOURCE_ROOT; };
		16938AC00FBD0C6700274B2A /* Conversion.cpp */ = {isa = PBXFileReference; fileEncoding = 4; lastKnownFileType = sourcecode.cpp.cpp; name = Conversion.cpp; path = ../../src/Conversion.cpp; sourceTree = SOURCE_ROOT; };
		1695E7431295AE1400F6F3C0 /* libportaudio.a */ = {isa = PBXFileReference; lastKnownFileType = archive.ar; name = libportaudio.a; path = ../../external/lib_osx/libportaudio.a; sourceTree = SOURCE_ROOT; };
		1695E7441295AE1400F6F3C0 /* libsndfile.a */ = {isa = PBXFileReference; lastKnownFileType = archive.ar; name = libsndfile.a; path = ../../external/lib_osx/libsndfile.a; sourceTree = SOURCE_ROOT; };
		16BC61C00FFC896A00AF1B29 /* unitTests */ = {isa = PBXFileReference; explicitFileType = "compiled.mach-o.executable"; includeInIndex = 0; path = unitTests; sourceTree = BUILT_PRODUCTS_DIR; };
		16BEA8BE12AF724900654E30 /* fftpack++.inc */ = {isa = PBXFileReference; fileEncoding = 4; lastKnownFileType = sourcecode.pascal; path = "fftpack++.inc"; sourceTree = "<group>"; };
		16CCF9C00A9EC1650013D2BF /* Containers.h */ = {isa = PBXFileReference; fileEncoding = 30; lastKnownFileType = sourcecode.c.h; name = Containers.h; path = ../../Gamma/Containers.h; sourceTree = SOURCE_ROOT; };
		16CDD4430ABF788300F66F1B /* mem.h */ = {isa = PBXFileReference; fileEncoding = 4; lastKnownFileType = sourcecode.c.h; name = mem.h; path = ../../Gamma/mem.h; sourceTree = SOURCE_ROOT; };
		16CEF9120BBCDA0A0049666F /* Gamma.h */ = {isa = PBXFileReference; fileEncoding = 30; lastKnownFileType = sourcecode.c.h; name = Gamma.h; path = ../../Gamma/Gamma.h; sourceTree = SOURCE_ROOT; };
		16CF8D5A0BD9921200A80471 /* Effects.h */ = {isa = PBXFileReference; fileEncoding = 30; lastKnownFileType = sourcecode.c.h; name = Effects.h; path = ../../Gamma/Effects.h; sourceTree = SOURCE_ROOT; };
		16D15CA209F0219B001AE497 /* DFT.h */ = {isa = PBXFileReference; fileEncoding = 4; lastKnownFileType = sourcecode.c.h; name = DFT.h; path = ../../Gamma/DFT.h; sourceTree = SOURCE_ROOT; };
		16D15CA309F0219B001AE497 /* DFT.cpp */ = {isa = PBXFileReference; fileEncoding = 4; lastKnownFileType = sourcecode.cpp.cpp; name = DFT.cpp; path = ../../src/DFT.cpp; sourceTree = SOURCE_ROOT; };
		16D24F930A9BA74800415E9E /* AudioUnit.framework */ = {isa = PBXFileReference; lastKnownFileType = wrapper.framework; name = AudioUnit.framework; path = /System/Library/Frameworks/AudioUnit.framework; sourceTree = "<absolute>"; };
		16D24FA80A9BA77100415E9E /* Carbon.framework */ = {isa = PBXFileReference; lastKnownFileType = wrapper.framework; name = Carbon.framework; path = /System/Library/Frameworks/Carbon.framework; sourceTree = "<absolute>"; };
		16DEEFB60E4ABA57001292EF /* FFT_fftpack.cpp */ = {isa = PBXFileReference; fileEncoding = 4; lastKnownFileType = sourcecode.cpp.cpp; name = FFT_fftpack.cpp; path = ../../src/FFT_fftpack.cpp; sourceTree = SOURCE_ROOT; };
		16E3D2D0115C3B1A009165E6 /* fftpack++.h */ = {isa = PBXFileReference; fileEncoding = 4; lastKnownFileType = sourcecode.c.h; path = "fftpack++.h"; sourceTree = "<group>"; };
		16E3D2D1115C3B1A009165E6 /* fftpack++1.cpp */ = {isa = PBXFileReference; fileEncoding = 4; lastKnownFileType = sourcecode.cpp.cpp; path = "fftpack++1.cpp"; sourceTree = "<group>"; };
		16E3D2D2115C3B1A009165E6 /* fftpack++2.cpp */ = {isa = PBXFileReference; fileEncoding = 4; lastKnownFileType = sourcecode.cpp.cpp; path = "fftpack++2.cpp"; sourceTree = "<group>"; };
		16E99A200A2A4B7800210497 /* SoundFile.h */ = {isa = PBXFileReference; fileEncoding = 4; lastKnownFileType = sourcecode.c.h; name = SoundFile.h; path = ../../Gamma/SoundFile.h; sourceTree = SOURCE_ROOT; };
		16E99A210A2A4B7800210497 /* SoundFile.cpp */ = {isa = PBXFileReference; fileEncoding = 4; lastKnownFileType = sourcecode.cpp.cpp; name = SoundFile.cpp; path = ../../src/SoundFile.cpp; sourceTree = SOURCE_ROOT; };
		16EDF9B5094F8C2600549AC9 /* arr.cpp */ = {isa = PBXFileReference; fileEncoding = 30; lastKnownFileType = sourcecode.cpp.cpp; name = arr.cpp; path = ../../src/arr.cpp; sourceTree = SOURCE_ROOT; };
		16EDF9B6094F8C2600549AC9 /* arr.h */ = {isa = PBXFileReference; fileEncoding = 30; lastKnownFileType = sourcecode.c.h; name = arr.h; path = ../../Gamma/arr.h; sourceTree = SOURCE_ROOT; };
		16EDF9B9094F8C2600549AC9 /* Constants.h */ = {isa = PBXFileReference; fileEncoding = 30; lastKnownFileType = sourcecode.c.h; name = Constants.h; path = ../../Gamma/Constants.h; sourceTree = SOURCE_ROOT; };
		16EDF9BD094F8C2600549AC9 /* Delay.h */ = {isa = PBXFileReference; fileEncoding = 30; lastKnownFileType = sourcecode.c.h; name = Delay.h; path = ../../Gamma/Delay.h; sourceTree = SOURCE_ROOT; };
		16EDF9C1094F8C2600549AC9 /* Envelope.h */ = {isa = PBXFileReference; fileEncoding = 30; lastKnownFileType = sourcecode.c.h; name = Envelope.h; path = ../../Gamma/Envelope.h; sourceTree = SOURCE_ROOT; };
		16EDF9C5094F8C2600549AC9 /* ipl.h */ = {isa = PBXFileReference; fileEncoding = 30; lastKnownFileType = sourcecode.c.h; name = ipl.h; path = ../../Gamma/ipl.h; sourceTree = SOURCE_ROOT; };
		16EDF9C8094F8C2600549AC9 /* scl.cpp */ = {isa = PBXFileReference; fileEncoding = 30; lastKnownFileType = sourcecode.cpp.cpp; name = scl.cpp; path = ../../src/scl.cpp; sourceTree = SOURCE_ROOT; };
		16EDF9C9094F8C2600549AC9 /* scl.h */ = {isa = PBXFileReference; fileEncoding = 30; lastKnownFileType = sourcecode.c.h; name = scl.h; path = ../../Gamma/scl.h; sourceTree = SOURCE_ROOT; };
		16EDF9D0094F8C2600549AC9 /* Noise.h */ = {isa = PBXFileReference; fileEncoding = 30; lastKnownFileType = sourcecode.c.h; name = Noise.h; path = ../../Gamma/Noise.h; sourceTree = SOURCE_ROOT; };
		16EDF9D2094F8C2600549AC9 /* Oscillator.h */ = {isa = PBXFileReference; fileEncoding = 30; lastKnownFileType = sourcecode.c.h; name = Oscillator.h; path = ../../Gamma/Oscillator.h; sourceTree = SOURCE_ROOT; };
		16EDF9E9094F8C2600549AC9 /* rnd.h */ = {isa = PBXFileReference; fileEncoding = 30; lastKnownFileType = sourcecode.c.h; name = rnd.h; path = ../../Gamma/rnd.h; sourceTree = SOURCE_ROOT; };
		16EDF9EB094F8C2600549AC9 /* tbl.h */ = {isa = PBXFileReference; fileEncoding = 30; lastKnownFileType = sourcecode.c.h; name = tbl.h; path = ../../Gamma/tbl.h; sourceTree = SOURCE_ROOT; };
		16F133850FFF426400DE56F6 /* UnitMaps.h */ = {isa = PBXFileReference; fileEncoding = 4; lastKnownFileType = sourcecode.c.h; path = UnitMaps.h; sourceTree = "<group>"; };
		16F7D07C0B5414A1008A2E29 /* Node.h */ = {isa = PBXFileReference; fileEncoding = 30; lastKnownFileType = sourcecode.c.h; name = Node.h; path = ../../Gamma/Node.h; sourceTree = SOURCE_ROOT; };
		16F836E00A1E888200F05DF5 /* AudioIO.cpp */ = {isa = PBXFileReference; fileEncoding = 30; lastKnownFileType = sourcecode.cpp.cpp; name = AudioIO.cpp; path = ../../src/AudioIO.cpp; sourceTree = SOURCE_ROOT; };
		16F836E10A1E888200F05DF5 /* AudioIO.h */ = {isa = PBXFileReference; fileEncoding = 30; lastKnownFileType = sourcecode.c.h; name = AudioIO.h; path = ../../Gamma/AudioIO.h; sourceTree = SOURCE_ROOT; };
		16FEC1D41684951500CFE6EE /* tests */ = {isa = PBXFileReference; lastKnownFileType = folder; name = tests; path = ../../tests; sourceTree = SOURCE_ROOT; };
		7E09511E0DECCE18000AF828 /* FFT.h */ = {isa = PBXFileReference; fileEncoding = 4; lastKnownFileType = sourcecode.c.h; name = FFT.h; path = ../../Gamma/FFT.h; sourceTree = SOURCE_ROOT; };
		7EB464320825DDF5002E1A73 /* AudioToolbox.framework */ = {isa = PBXFileReference; lastKnownFileType = wrapper.framework; name = AudioToolbox.framework; path = /System/Library/Frameworks/AudioToolbox.framework; sourceTree = "<absolute>"; };
		7EB464330825DDF5002E1A73 /* CoreAudio.framework */ = {isa = PBXFileReference; lastKnownFileType = wrapper.framework; name = CoreAudio.framework; path = /System/Library/Frameworks/CoreAudio.framework; sourceTree = "<absolute>"; };
		C0F9EF680BB059670069B343 /* libgamma.dylib */ = {isa = PBXFileReference; explicitFileType = "compiled.mach-o.dylib"; includeInIndex = 0; path = libgamma.dylib; sourceTree = BUILT_PRODUCTS_DIR; };
/* End PBXFileReference section */

/* Begin PBXFrameworksBuildPhase section */
		168AAC9B0CD0025D00F36E4B /* Frameworks */ = {
			isa = PBXFrameworksBuildPhase;
			buildActionMask = 2147483647;
			files = (
				168AAD780CD0033700F36E4B /* Carbon.framework in Frameworks */,
				168AAD790CD0033700F36E4B /* AudioUnit.framework in Frameworks */,
				168AAD7A0CD0033700F36E4B /* AudioToolbox.framework in Frameworks */,
				168AAD7B0CD0033700F36E4B /* CoreAudio.framework in Frameworks */,
				1695E7491295AE1400F6F3C0 /* libportaudio.a in Frameworks */,
				1695E74A1295AE1400F6F3C0 /* libsndfile.a in Frameworks */,
			);
			runOnlyForDeploymentPostprocessing = 0;
		};
		16BC61BB0FFC896A00AF1B29 /* Frameworks */ = {
			isa = PBXFrameworksBuildPhase;
			buildActionMask = 2147483647;
			files = (
			);
			runOnlyForDeploymentPostprocessing = 0;
		};
		C0F9EF660BB059670069B343 /* Frameworks */ = {
			isa = PBXFrameworksBuildPhase;
			buildActionMask = 2147483647;
			files = (
				C0F9EF940BB059DD0069B343 /* AudioToolbox.framework in Frameworks */,
				C0F9EF950BB059DD0069B343 /* AudioUnit.framework in Frameworks */,
				C0F9EF960BB059E10069B343 /* CoreAudio.framework in Frameworks */,
				C0F9EF980BB059F40069B343 /* Carbon.framework in Frameworks */,
				1695E74B1295AE1400F6F3C0 /* libportaudio.a in Frameworks */,
				1695E74C1295AE1400F6F3C0 /* libsndfile.a in Frameworks */,
			);
			runOnlyForDeploymentPostprocessing = 0;
		};
/* End PBXFrameworksBuildPhase section */

/* Begin PBXGroup section */
		16D24F640A9BA72E00415E9E /* Libs */ = {
			isa = PBXGroup;
			children = (
				1695E7431295AE1400F6F3C0 /* libportaudio.a */,
				1695E7441295AE1400F6F3C0 /* libsndfile.a */,
				16D24FA80A9BA77100415E9E /* Carbon.framework */,
				16D24F930A9BA74800415E9E /* AudioUnit.framework */,
				7EB464320825DDF5002E1A73 /* AudioToolbox.framework */,
				7EB464330825DDF5002E1A73 /* CoreAudio.framework */,
			);
			name = Libs;
			sourceTree = "<group>";
		};
		16F7DB390B812023001CABCE /* Gamma */ = {
			isa = PBXGroup;
			children = (
				16CEF9120BBCDA0A0049666F /* Gamma.h */,
				16EDF9B6094F8C2600549AC9 /* arr.h */,
				160351A30D090B9C003CC766 /* gen.h */,
				16EDF9C5094F8C2600549AC9 /* ipl.h */,
				16CDD4430ABF788300F66F1B /* mem.h */,
				16EDF9E9094F8C2600549AC9 /* rnd.h */,
				16EDF9C9094F8C2600549AC9 /* scl.h */,
				16EDF9EB094F8C2600549AC9 /* tbl.h */,
				1686EA810F8DB1F100D0452F /* Access.h */,
				161263A21140691600E55446 /* Allocator.h */,
				168D491C18511B4B00D00338 /* Analysis.h */,
				16F836E10A1E888200F05DF5 /* AudioIO.h */,
				1641525D16020CB700098796 /* Config.h */,
				16EDF9B9094F8C2600549AC9 /* Constants.h */,
				16CCF9C00A9EC1650013D2BF /* Containers.h */,
				16938ABF0FBD0C4400274B2A /* Conversion.h */,
				16EDF9BD094F8C2600549AC9 /* Delay.h */,
				16D15CA209F0219B001AE497 /* DFT.h */,
				1634598F16D62F8E00F89A99 /* Domain.h */,
				16CF8D5A0BD9921200A80471 /* Effects.h */,
				16EDF9C1094F8C2600549AC9 /* Envelope.h */,
				7E09511E0DECCE18000AF828 /* FFT.h */,
				1686EA820F8DB1F100D0452F /* File.h */,
				1651C54515227A2F00BBAADC /* Filter.h */,
				1609A9E51292018400A2484F /* FormantData.h */,
				16F7D07C0B5414A1008A2E29 /* Node.h */,
				16EDF9D0094F8C2600549AC9 /* Noise.h */,
				16EDF9D2094F8C2600549AC9 /* Oscillator.h */,
				167479501158052400A1556D /* Print.h */,
				169389570FBCCE4200274B2A /* pstdint.h */,
				16692FAD126FC53100C1F4E9 /* Recorder.h */,
				1609E5A011E5B743001A3853 /* SamplePlayer.h */,
				165B1DCD1501961500ED79EB /* Scheduler.h */,
				16E99A200A2A4B7800210497 /* SoundFile.h */,
				16064BD30DFF02680043BC29 /* Strategy.h */,
				168B78F50B75C59100645F1F /* Sync.h */,
				165DA46B15213D960063FABF /* Thread.h */,
				160E7B3E0B36792200CE82F3 /* Timer.h */,
				1651C5F81522913500BBAADC /* TransferFunc.h */,
				164622960E0EEDD80011911A /* Types.h */,
				16F133850FFF426400DE56F6 /* UnitMaps.h */,
			);
			name = Gamma;
			path = ../../Gamma;
			sourceTree = "<group>";
		};
		16F7DB3C0B812041001CABCE /* src */ = {
			isa = PBXGroup;
			children = (
				16EDF9B5094F8C2600549AC9 /* arr.cpp */,
				16EDF9C8094F8C2600549AC9 /* scl.cpp */,
				16F836E00A1E888200F05DF5 /* AudioIO.cpp */,
				16938AC00FBD0C6700274B2A /* Conversion.cpp */,
				163459CB16D6418E00F89A99 /* Domain.cpp */,
				16D15CA309F0219B001AE497 /* DFT.cpp */,
				16DEEFB60E4ABA57001292EF /* FFT_fftpack.cpp */,
				16E3D2D0115C3B1A009165E6 /* fftpack++.h */,
				16E3D2D1115C3B1A009165E6 /* fftpack++1.cpp */,
				16E3D2D2115C3B1A009165E6 /* fftpack++2.cpp */,
				16BEA8BE12AF724900654E30 /* fftpack++.inc */,
				16827D5810013FEE001088E7 /* File.cpp */,
				167479511158054C00A1556D /* Print.cpp */,
				16692FAE126FC9A300C1F4E9 /* Recorder.cpp */,
				165B1DCE1501963100ED79EB /* Scheduler.cpp */,
				16E99A210A2A4B7800210497 /* SoundFile.cpp */,
			);
			name = src;
			path = ../../src;
			sourceTree = "<group>";
		};
		7EB463CC0825DC05002E1A73 = {
			isa = PBXGroup;
			children = (
				7EB463D70825DC5D002E1A73 /* source */,
				1665447E187D6CCE00DCF468 /* unitTests.cpp */,
				16FEC1D41684951500CFE6EE /* tests */,
				164BDD0B14CCAE3F0061E1EF /* examples */,
				16D24F640A9BA72E00415E9E /* Libs */,
				7EB463FF0825DD10002E1A73 /* Products */,
			);
			sourceTree = "<group>";
		};
		7EB463D70825DC5D002E1A73 /* source */ = {
			isa = PBXGroup;
			children = (
				16F7DB390B812023001CABCE /* Gamma */,
				16F7DB3C0B812041001CABCE /* src */,
			);
			name = source;
			sourceTree = "<group>";
		};
		7EB463FF0825DD10002E1A73 /* Products */ = {
			isa = PBXGroup;
			children = (
				C0F9EF680BB059670069B343 /* libgamma.dylib */,
				168AAC9D0CD0025D00F36E4B /* libgamma.a */,
				16BC61C00FFC896A00AF1B29 /* unitTests */,
			);
			name = Products;
			sourceTree = "<group>";
		};
/* End PBXGroup section */

/* Begin PBXHeadersBuildPhase section */
		168AAC990CD0025D00F36E4B /* Headers */ = {
			isa = PBXHeadersBuildPhase;
			buildActionMask = 2147483647;
			files = (
				160351A50D090B9D003CC766 /* gen.h in Headers */,
				161263A41140691600E55446 /* Allocator.h in Headers */,
				16E3D2D6115C3B1A009165E6 /* fftpack++.h in Headers */,
			);
			runOnlyForDeploymentPostprocessing = 0;
		};
		C0F9EF640BB059670069B343 /* Headers */ = {
			isa = PBXHeadersBuildPhase;
			buildActionMask = 2147483647;
			files = (
				167479F6115806C800A1556D /* arr.h in Headers */,
				16747A00115806C800A1556D /* gen.h in Headers */,
				16747A01115806C800A1556D /* ipl.h in Headers */,
				16747A02115806C800A1556D /* mem.h in Headers */,
				16747A07115806C800A1556D /* rnd.h in Headers */,
				16747A09115806C800A1556D /* scl.h in Headers */,
				16747A0C115806C800A1556D /* tbl.h in Headers */,
				16747A10115806FF00A1556D /* Access.h in Headers */,
				167479F5115806C800A1556D /* Allocator.h in Headers */,
				167479F9115806C800A1556D /* Constants.h in Headers */,
				167479FA115806C800A1556D /* Containers.h in Headers */,
				16747A11115806FF00A1556D /* Conversion.h in Headers */,
				167479FF115806C800A1556D /* Gamma.h in Headers */,
				16747A03115806C800A1556D /* Node.h in Headers */,
				167479F7115806C800A1556D /* AudioIO.h in Headers */,
				167479FB115806C800A1556D /* Delay.h in Headers */,
				167479FC115806C800A1556D /* DFT.h in Headers */,
				167479FD115806C800A1556D /* Effects.h in Headers */,
				167479FE115806C800A1556D /* Envelope.h in Headers */,
				16747A14115806FF00A1556D /* FFT.h in Headers */,
				16747A15115806FF00A1556D /* File.h in Headers */,
				16747A04115806C800A1556D /* Noise.h in Headers */,
				16747A05115806C800A1556D /* Oscillator.h in Headers */,
				16747A0E115806D500A1556D /* Print.h in Headers */,
				16747A17115806FF00A1556D /* pstdint.h in Headers */,
				16747A0A115806C800A1556D /* SoundFile.h in Headers */,
				16747A1A115806FF00A1556D /* Strategy.h in Headers */,
				16747A0B115806C800A1556D /* Sync.h in Headers */,
				16747A0D115806C800A1556D /* Timer.h in Headers */,
				16747A1C115806FF00A1556D /* Types.h in Headers */,
				16747A1D115806FF00A1556D /* UnitMaps.h in Headers */,
				16E3D2D3115C3B1A009165E6 /* fftpack++.h in Headers */,
			);
			runOnlyForDeploymentPostprocessing = 0;
		};
/* End PBXHeadersBuildPhase section */

/* Begin PBXNativeTarget section */
		168AAC9C0CD0025D00F36E4B /* libgamma.a */ = {
			isa = PBXNativeTarget;
			buildConfigurationList = 168AACA00CD0027E00F36E4B /* Build configuration list for PBXNativeTarget "libgamma.a" */;
			buildPhases = (
				168AAC990CD0025D00F36E4B /* Headers */,
				168AAC9A0CD0025D00F36E4B /* Sources */,
				168AAC9B0CD0025D00F36E4B /* Frameworks */,
				168AAD890CD0044800F36E4B /* ShellScript */,
			);
			buildRules = (
			);
			dependencies = (
			);
			name = libgamma.a;
			productName = libsynz.a;
			productReference = 168AAC9D0CD0025D00F36E4B /* libgamma.a */;
			productType = "com.apple.product-type.library.static";
		};
		16BC61B60FFC896A00AF1B29 /* unitTests */ = {
			isa = PBXNativeTarget;
			buildConfigurationList = 16BC61BC0FFC896A00AF1B29 /* Build configuration list for PBXNativeTarget "unitTests" */;
			buildPhases = (
				16BC61B70FFC896A00AF1B29 /* Sources */,
				16BC61BB0FFC896A00AF1B29 /* Frameworks */,
			);
			buildRules = (
			);
			dependencies = (
			);
			name = unitTests;
			productName = testTable;
			productReference = 16BC61C00FFC896A00AF1B29 /* unitTests */;
			productType = "com.apple.product-type.tool";
		};
		C0F9EF670BB059670069B343 /* libgamma.dylib */ = {
			isa = PBXNativeTarget;
			buildConfigurationList = C0F9EF9E0BB05A070069B343 /* Build configuration list for PBXNativeTarget "libgamma.dylib" */;
			buildPhases = (
				C0F9EF640BB059670069B343 /* Headers */,
				C0F9EF650BB059670069B343 /* Sources */,
				C0F9EF660BB059670069B343 /* Frameworks */,
				16D10D3D0BB9C4B70028EFF9 /* ShellScript */,
			);
			buildRules = (
			);
			dependencies = (
			);
			name = libgamma.dylib;
			productName = synz;
			productReference = C0F9EF680BB059670069B343 /* libgamma.dylib */;
			productType = "com.apple.product-type.library.dynamic";
		};
/* End PBXNativeTarget section */

/* Begin PBXProject section */
		7EB463D00825DC05002E1A73 /* Project object */ = {
			isa = PBXProject;
			buildConfigurationList = 67E1703F08E4B68400B04DE5 /* Build configuration list for PBXProject "gamma" */;
			compatibilityVersion = "Xcode 2.4";
			developmentRegion = English;
			hasScannedForEncodings = 1;
			knownRegions = (
				English,
				Japanese,
				French,
				German,
			);
			mainGroup = 7EB463CC0825DC05002E1A73;
			productRefGroup = 7EB463FF0825DD10002E1A73 /* Products */;
			projectDirPath = "";
			projectRoot = "";
			targets = (
				16BC61B60FFC896A00AF1B29 /* unitTests */,
				C0F9EF670BB059670069B343 /* libgamma.dylib */,
				168AAC9C0CD0025D00F36E4B /* libgamma.a */,
				168AAD840CD0042400F36E4B /* libgamma{.a, .dylib} */,
				164BDCAF14CCA7750061E1EF /* Build Test */,
			);
		};
/* End PBXProject section */

/* Begin PBXShellScriptBuildPhase section */
		164BDCAE14CCA7750061E1EF /* ShellScript */ = {
			isa = PBXShellScriptBuildPhase;
			buildActionMask = 2147483647;
			files = (
			);
			inputPaths = (
			);
			outputPaths = (
			);
			runOnlyForDeploymentPostprocessing = 0;
			shellPath = /bin/sh;
			shellScript = "# This runs all the Makefile rules\ncd ../..\nmake buildtest -j4 BUILD_DIR=build/";
		};
		168AAD890CD0044800F36E4B /* ShellScript */ = {
			isa = PBXShellScriptBuildPhase;
			buildActionMask = 8;
			files = (
			);
			inputPaths = (
			);
			outputPaths = (
			);
			runOnlyForDeploymentPostprocessing = 1;
			shellPath = /bin/sh;
			shellScript = "sudo mv $BUILT_PRODUCTS_DIR/$EXECUTABLE_PREFIX$PRODUCT_NAME.$EXECUTABLE_EXTENSION /usr/local/lib/$EXECUTABLE_PREFIX$PRODUCT_NAME.$EXECUTABLE_EXTENSION\nsudo mkdir /usr/local/include/gamma\nsudo cp ../../include/* /usr/local/include/gamma";
		};
		16D10D3D0BB9C4B70028EFF9 /* ShellScript */ = {
			isa = PBXShellScriptBuildPhase;
			buildActionMask = 8;
			files = (
			);
			inputPaths = (
			);
			outputPaths = (
			);
			runOnlyForDeploymentPostprocessing = 1;
			shellPath = /bin/sh;
			shellScript = "sudo mv $BUILT_PRODUCTS_DIR/$EXECUTABLE_PREFIX$PRODUCT_NAME.$EXECUTABLE_EXTENSION /usr/local/lib/$EXECUTABLE_PREFIX$PRODUCT_NAME.$EXECUTABLE_EXTENSION\nsudo mkdir /usr/local/include/gamma\nsudo cp ../../include/* /usr/local/include/gamma";
		};
/* End PBXShellScriptBuildPhase section */

/* Begin PBXSourcesBuildPhase section */
		168AAC9A0CD0025D00F36E4B /* Sources */ = {
			isa = PBXSourcesBuildPhase;
			buildActionMask = 2147483647;
			files = (
				16827D5C10014013001088E7 /* arr.cpp in Sources */,
				16827D5D10014013001088E7 /* AudioIO.cpp in Sources */,
				16827D5E10014013001088E7 /* Conversion.cpp in Sources */,
				16827D5F10014013001088E7 /* DFT.cpp in Sources */,
				16827D6010014013001088E7 /* FFT_fftpack.cpp in Sources */,
				16827D6210014013001088E7 /* File.cpp in Sources */,
				16827D6310014013001088E7 /* scl.cpp in Sources */,
				16827D6410014013001088E7 /* SoundFile.cpp in Sources */,
				167479531158054C00A1556D /* Print.cpp in Sources */,
				16E3D2D7115C3B1A009165E6 /* fftpack++1.cpp in Sources */,
				16E3D2D8115C3B1A009165E6 /* fftpack++2.cpp in Sources */,
				16692FB0126FC9A300C1F4E9 /* Recorder.cpp in Sources */,
			);
			runOnlyForDeploymentPostprocessing = 0;
		};
		16BC61B70FFC896A00AF1B29 /* Sources */ = {
			isa = PBXSourcesBuildPhase;
			buildActionMask = 2147483647;
			files = (
				16BC61B80FFC896A00AF1B29 /* arr.cpp in Sources */,
				16BC61B90FFC896A00AF1B29 /* scl.cpp in Sources */,
				16C967550FFDD9A3008072A9 /* Conversion.cpp in Sources */,
				16F133F90FFF4B0700DE56F6 /* FFT_fftpack.cpp in Sources */,
				164F33B810508E77009FAD10 /* File.cpp in Sources */,
				167479541158054C00A1556D /* Print.cpp in Sources */,
				16E3D2D9115C3B1A009165E6 /* fftpack++1.cpp in Sources */,
				16E3D2DA115C3B1A009165E6 /* fftpack++2.cpp in Sources */,
				16692FAF126FC9A300C1F4E9 /* Recorder.cpp in Sources */,
				163459CC16D6418E00F89A99 /* Domain.cpp in Sources */,
				1665447F187D6CCE00DCF468 /* unitTests.cpp in Sources */,
				16654480187D6D2B00DCF468 /* DFT.cpp in Sources */,
			);
			runOnlyForDeploymentPostprocessing = 0;
		};
		C0F9EF650BB059670069B343 /* Sources */ = {
			isa = PBXSourcesBuildPhase;
			buildActionMask = 2147483647;
			files = (
				C0F9EF690BB059740069B343 /* arr.cpp in Sources */,
				C0F9EF840BB059A50069B343 /* scl.cpp in Sources */,
				C0F9EF6B0BB059760069B343 /* AudioIO.cpp in Sources */,
				16F133EF0FFF4A8600DE56F6 /* Conversion.cpp in Sources */,
				C0F9EF720BB0598F0069B343 /* DFT.cpp in Sources */,
				16F133F00FFF4A8600DE56F6 /* FFT_fftpack.cpp in Sources */,
				16827D671001402E001088E7 /* File.cpp in Sources */,
				C0F9EF860BB059AE0069B343 /* SoundFile.cpp in Sources */,
				167479521158054C00A1556D /* Print.cpp in Sources */,
				16E3D2D4115C3B1A009165E6 /* fftpack++1.cpp in Sources */,
				16E3D2D5115C3B1A009165E6 /* fftpack++2.cpp in Sources */,
				16692FB1126FC9A300C1F4E9 /* Recorder.cpp in Sources */,
			);
			runOnlyForDeploymentPostprocessing = 0;
		};
/* End PBXSourcesBuildPhase section */

/* Begin PBXTargetDependency section */
		168AAD860CD0042F00F36E4B /* PBXTargetDependency */ = {
			isa = PBXTargetDependency;
			target = C0F9EF670BB059670069B343 /* libgamma.dylib */;
			targetProxy = 168AAD850CD0042F00F36E4B /* PBXContainerItemProxy */;
		};
		168AAD880CD0043200F36E4B /* PBXTargetDependency */ = {
			isa = PBXTargetDependency;
			target = 168AAC9C0CD0025D00F36E4B /* libgamma.a */;
			targetProxy = 168AAD870CD0043200F36E4B /* PBXContainerItemProxy */;
		};
/* End PBXTargetDependency section */

/* Begin XCBuildConfiguration section */
		164BDCB014CCA7760061E1EF /* Development */ = {
			isa = XCBuildConfiguration;
			buildSettings = {
				COPY_PHASE_STRIP = NO;
				GCC_DYNAMIC_NO_PIC = NO;
				GCC_OPTIMIZATION_LEVEL = 0;
				PRODUCT_NAME = "Make all test";
			};
			name = Development;
		};
		164BDCB114CCA7760061E1EF /* Deployment */ = {
			isa = XCBuildConfiguration;
			buildSettings = {
				COPY_PHASE_STRIP = YES;
				DEBUG_INFORMATION_FORMAT = "dwarf-with-dsym";
				GCC_ENABLE_FIX_AND_CONTINUE = NO;
				PRODUCT_NAME = "Make all test";
				ZERO_LINK = NO;
			};
			name = Deployment;
		};
		164BDCB214CCA7760061E1EF /* Default */ = {
			isa = XCBuildConfiguration;
			buildSettings = {
				PRODUCT_NAME = "Make all test";
			};
			name = Default;
		};
		168AACA10CD0027E00F36E4B /* Development */ = {
			isa = XCBuildConfiguration;
			buildSettings = {
				ARCHS = (
					ppc,
					i386,
				);
				COPY_PHASE_STRIP = NO;
				GCC_DYNAMIC_NO_PIC = NO;
				GCC_ENABLE_FIX_AND_CONTINUE = YES;
				GCC_GENERATE_DEBUGGING_SYMBOLS = YES;
				GCC_MODEL_TUNING = G5;
				GCC_OPTIMIZATION_LEVEL = 0;
				INSTALL_PATH = /usr/local/lib;
				LIBRARY_SEARCH_PATHS = (
					"$(inherited)",
					"$(LIBRARY_SEARCH_PATHS_QUOTED_FOR_TARGET_1)",
				);
				LIBRARY_SEARCH_PATHS_QUOTED_FOR_TARGET_1 = "\"$(SRCROOT)/../../external/lib_osx\"";
				PREBINDING = NO;
				PRODUCT_NAME = gamma;
				STANDARD_C_PLUS_PLUS_LIBRARY_TYPE = static;
				ZERO_LINK = YES;
			};
			name = Development;
		};
		168AACA20CD0027E00F36E4B /* Deployment */ = {
			isa = XCBuildConfiguration;
			buildSettings = {
				ARCHS = (
					ppc,
					i386,
				);
				COPY_PHASE_STRIP = YES;
				GCC_ENABLE_FIX_AND_CONTINUE = NO;
				GCC_GENERATE_DEBUGGING_SYMBOLS = NO;
				GCC_MODEL_TUNING = G5;
				GCC_OPTIMIZATION_LEVEL = 3;
				INSTALL_PATH = /usr/local/lib;
				LIBRARY_SEARCH_PATHS = (
					"$(inherited)",
					"$(LIBRARY_SEARCH_PATHS_QUOTED_FOR_TARGET_1)",
				);
				LIBRARY_SEARCH_PATHS_QUOTED_FOR_TARGET_1 = "\"$(SRCROOT)/../../external/lib_osx\"";
				OTHER_CFLAGS = $inherited;
				PREBINDING = NO;
				PRODUCT_NAME = gamma;
				STANDARD_C_PLUS_PLUS_LIBRARY_TYPE = static;
				ZERO_LINK = NO;
			};
			name = Deployment;
		};
		168AACA30CD0027E00F36E4B /* Default */ = {
			isa = XCBuildConfiguration;
			buildSettings = {
				ARCHS = (
					ppc,
					i386,
				);
				GCC_ENABLE_FIX_AND_CONTINUE = YES;
				GCC_MODEL_TUNING = G5;
				INSTALL_PATH = /usr/local/lib;
				LIBRARY_SEARCH_PATHS = (
					"$(inherited)",
					"$(LIBRARY_SEARCH_PATHS_QUOTED_FOR_TARGET_1)",
				);
				LIBRARY_SEARCH_PATHS_QUOTED_FOR_TARGET_1 = "\"$(SRCROOT)/../../external/lib_osx\"";
				PREBINDING = NO;
				PRODUCT_NAME = gamma;
				STANDARD_C_PLUS_PLUS_LIBRARY_TYPE = static;
				ZERO_LINK = YES;
			};
			name = Default;
		};
		168AAD8C0CD0046700F36E4B /* Development */ = {
			isa = XCBuildConfiguration;
			buildSettings = {
				COPY_PHASE_STRIP = NO;
				GCC_DYNAMIC_NO_PIC = NO;
				GCC_GENERATE_DEBUGGING_SYMBOLS = YES;
				GCC_OPTIMIZATION_LEVEL = 0;
				PRODUCT_NAME = "libsynz(.a, .dylib)";
			};
			name = Development;
		};
		168AAD8D0CD0046700F36E4B /* Deployment */ = {
			isa = XCBuildConfiguration;
			buildSettings = {
				COPY_PHASE_STRIP = YES;
				GCC_ENABLE_FIX_AND_CONTINUE = NO;
				GCC_GENERATE_DEBUGGING_SYMBOLS = NO;
				PRODUCT_NAME = "libgamma(.a, .dylib)";
				ZERO_LINK = NO;
			};
			name = Deployment;
		};
		168AAD8E0CD0046700F36E4B /* Default */ = {
			isa = XCBuildConfiguration;
			buildSettings = {
				PRODUCT_NAME = "libsynz(.a, .dylib)";
			};
			name = Default;
		};
		16BC61BD0FFC896A00AF1B29 /* Development */ = {
			isa = XCBuildConfiguration;
			buildSettings = {
				COPY_PHASE_STRIP = NO;
				GCC_DYNAMIC_NO_PIC = NO;
				GCC_ENABLE_FIX_AND_CONTINUE = YES;
				GCC_GENERATE_DEBUGGING_SYMBOLS = YES;
				GCC_MODEL_TUNING = G5;
				GCC_OPTIMIZATION_LEVEL = 0;
				INSTALL_PATH = "$(HOME)/bin";
				PREBINDING = NO;
				PRODUCT_NAME = $TARGET_NAME;
				ZERO_LINK = YES;
			};
			name = Development;
		};
		16BC61BE0FFC896A00AF1B29 /* Deployment */ = {
			isa = XCBuildConfiguration;
			buildSettings = {
				COPY_PHASE_STRIP = YES;
				GCC_ENABLE_FIX_AND_CONTINUE = NO;
				GCC_GENERATE_DEBUGGING_SYMBOLS = NO;
				GCC_MODEL_TUNING = G5;
				INSTALL_PATH = "$(HOME)/bin";
				PREBINDING = NO;
				PRODUCT_NAME = $TARGET_NAME;
				ZERO_LINK = NO;
			};
			name = Deployment;
		};
		16BC61BF0FFC896A00AF1B29 /* Default */ = {
			isa = XCBuildConfiguration;
			buildSettings = {
				GCC_ENABLE_FIX_AND_CONTINUE = YES;
				GCC_MODEL_TUNING = G5;
				INSTALL_PATH = "$(HOME)/bin";
				PREBINDING = NO;
				PRODUCT_NAME = $TARGET_NAME;
				ZERO_LINK = YES;
			};
			name = Default;
		};
		67E1704008E4B68400B04DE5 /* Development */ = {
			isa = XCBuildConfiguration;
			buildSettings = {
				GCC_ENABLE_CPP_RTTI = NO;
				GCC_PREPROCESSOR_DEFINITIONS = "";
				GCC_WARN_ABOUT_MISSING_NEWLINE = YES;
				GCC_WARN_ABOUT_RETURN_TYPE = YES;
				GCC_WARN_EFFECTIVE_CPLUSPLUS_VIOLATIONS = NO;
				GCC_WARN_MISSING_PARENTHESES = YES;
				GCC_WARN_NON_VIRTUAL_DESTRUCTOR = YES;
				GCC_WARN_PEDANTIC = NO;
				GCC_WARN_SHADOW = NO;
				GCC_WARN_SIGN_COMPARE = YES;
				GCC_WARN_TYPECHECK_CALLS_TO_PRINTF = YES;
				GCC_WARN_UNUSED_VALUE = YES;
				GCC_WARN_UNUSED_VARIABLE = YES;
				HEADER_SEARCH_PATHS = (
					../../,
					../../external/include,
				);
				PREBINDING = NO;
				PRECOMPS_INCLUDE_HEADERS_FROM_BUILT_PRODUCTS_DIR = NO;
				PRODUCT_NAME = "";
				SCAN_ALL_SOURCE_FILES_FOR_INCLUDES = NO;
				SDKROOT = /Developer/SDKs/MacOSX10.5.sdk;
				USER_HEADER_SEARCH_PATHS = "";
			};
			name = Development;
		};
		67E1704108E4B68400B04DE5 /* Deployment */ = {
			isa = XCBuildConfiguration;
			buildSettings = {
				GCC_ENABLE_CPP_RTTI = NO;
				GCC_OPTIMIZATION_LEVEL = 3;
				GCC_PREPROCESSOR_DEFINITIONS = "";
				GCC_VERSION = 4.2;
				GCC_WARN_ABOUT_MISSING_NEWLINE = YES;
				GCC_WARN_ABOUT_RETURN_TYPE = YES;
				GCC_WARN_EFFECTIVE_CPLUSPLUS_VIOLATIONS = NO;
				GCC_WARN_MISSING_PARENTHESES = YES;
				GCC_WARN_NON_VIRTUAL_DESTRUCTOR = YES;
				GCC_WARN_PEDANTIC = NO;
				GCC_WARN_SHADOW = NO;
				GCC_WARN_SIGN_COMPARE = YES;
				GCC_WARN_TYPECHECK_CALLS_TO_PRINTF = YES;
				GCC_WARN_UNUSED_VALUE = YES;
				GCC_WARN_UNUSED_VARIABLE = YES;
				HEADER_SEARCH_PATHS = (
					../../,
					../../external/include,
				);
				OTHER_CFLAGS = "-fpeel-loops";
				PREBINDING = NO;
				SDKROOT = /Developer/SDKs/MacOSX10.5.sdk;
			};
			name = Deployment;
		};
		67E1704208E4B68400B04DE5 /* Default */ = {
			isa = XCBuildConfiguration;
			buildSettings = {
				GCC_ENABLE_CPP_RTTI = NO;
				GCC_PREPROCESSOR_DEFINITIONS = "";
				GCC_WARN_ABOUT_MISSING_NEWLINE = YES;
				GCC_WARN_ABOUT_RETURN_TYPE = YES;
				GCC_WARN_EFFECTIVE_CPLUSPLUS_VIOLATIONS = NO;
				GCC_WARN_MISSING_PARENTHESES = YES;
				GCC_WARN_NON_VIRTUAL_DESTRUCTOR = YES;
				GCC_WARN_PEDANTIC = NO;
				GCC_WARN_SHADOW = NO;
				GCC_WARN_SIGN_COMPARE = YES;
				GCC_WARN_TYPECHECK_CALLS_TO_PRINTF = YES;
				GCC_WARN_UNUSED_VALUE = YES;
				GCC_WARN_UNUSED_VARIABLE = YES;
				HEADER_SEARCH_PATHS = (
					../../,
					../../external/include,
				);
				PREBINDING = NO;
				SDKROOT = /Developer/SDKs/MacOSX10.5.sdk;
			};
			name = Default;
		};
		C0F9EF9F0BB05A070069B343 /* Development */ = {
			isa = XCBuildConfiguration;
			buildSettings = {
				ARCHS = $NATIVE_ARCH;
				COPY_PHASE_STRIP = NO;
				DEPLOYMENT_LOCATION = NO;
				DEPLOYMENT_POSTPROCESSING = NO;
				DSTROOT = /;
				EXECUTABLE_PREFIX = lib;
				GCC_DYNAMIC_NO_PIC = NO;
				GCC_ENABLE_CPP_RTTI = YES;
				GCC_ENABLE_FIX_AND_CONTINUE = YES;
				GCC_GENERATE_DEBUGGING_SYMBOLS = YES;
				GCC_MODEL_TUNING = G5;
				GCC_OPTIMIZATION_LEVEL = 3;
				INSTALL_PATH = /usr/local/lib;
				LIBRARY_SEARCH_PATHS = (
					"$(inherited)",
					"$(LIBRARY_SEARCH_PATHS_QUOTED_FOR_TARGET_1)",
				);
				LIBRARY_SEARCH_PATHS_QUOTED_FOR_TARGET_1 = "\"$(SRCROOT)/../../external/lib_osx\"";
				PREBINDING = NO;
				PRODUCT_NAME = gamma;
				ZERO_LINK = YES;
			};
			name = Development;
		};
		C0F9EFA00BB05A070069B343 /* Deployment */ = {
			isa = XCBuildConfiguration;
			buildSettings = {
				ARCHS = $NATIVE_ARCH;
				COPY_PHASE_STRIP = YES;
				DEPLOYMENT_LOCATION = NO;
				DEPLOYMENT_POSTPROCESSING = NO;
				DSTROOT = /;
				EXECUTABLE_PREFIX = lib;
				GCC_ENABLE_CPP_RTTI = YES;
				GCC_ENABLE_FIX_AND_CONTINUE = NO;
				GCC_GENERATE_DEBUGGING_SYMBOLS = NO;
				GCC_MODEL_TUNING = G5;
				GCC_OPTIMIZATION_LEVEL = 3;
				INSTALL_PATH = /usr/local/lib;
				LIBRARY_SEARCH_PATHS = (
					"$(inherited)",
					"$(LIBRARY_SEARCH_PATHS_QUOTED_FOR_TARGET_1)",
				);
				LIBRARY_SEARCH_PATHS_QUOTED_FOR_TARGET_1 = "\"$(SRCROOT)/../../external/lib_osx\"";
				PREBINDING = NO;
				PRODUCT_NAME = gamma;
				ZERO_LINK = NO;
			};
			name = Deployment;
		};
		C0F9EFA10BB05A070069B343 /* Default */ = {
			isa = XCBuildConfiguration;
			buildSettings = {
				ARCHS = $NATIVE_ARCH;
				DEPLOYMENT_LOCATION = NO;
				DEPLOYMENT_POSTPROCESSING = NO;
				DSTROOT = /;
				EXECUTABLE_PREFIX = lib;
				GCC_ENABLE_CPP_RTTI = YES;
				GCC_ENABLE_FIX_AND_CONTINUE = YES;
				GCC_MODEL_TUNING = G5;
				GCC_OPTIMIZATION_LEVEL = 3;
				INSTALL_PATH = /usr/local/lib;
				LIBRARY_SEARCH_PATHS = (
					"$(inherited)",
					"$(LIBRARY_SEARCH_PATHS_QUOTED_FOR_TARGET_1)",
				);
				LIBRARY_SEARCH_PATHS_QUOTED_FOR_TARGET_1 = "\"$(SRCROOT)/../../external/lib_osx\"";
				PREBINDING = NO;
				PRODUCT_NAME = gamma;
				ZERO_LINK = YES;
			};
			name = Default;
		};
/* End XCBuildConfiguration section */

/* Begin XCConfigurationList section */
		164BDCB614CCA7E50061E1EF /* Build configuration list for PBXAggregateTarget "Build Test" */ = {
			isa = XCConfigurationList;
			buildConfigurations = (
				164BDCB014CCA7760061E1EF /* Development */,
				164BDCB114CCA7760061E1EF /* Deployment */,
				164BDCB214CCA7760061E1EF /* Default */,
			);
			defaultConfigurationIsVisible = 0;
			defaultConfigurationName = Default;
		};
		168AACA00CD0027E00F36E4B /* Build configuration list for PBXNativeTarget "libgamma.a" */ = {
			isa = XCConfigurationList;
			buildConfigurations = (
				168AACA10CD0027E00F36E4B /* Development */,
				168AACA20CD0027E00F36E4B /* Deployment */,
				168AACA30CD0027E00F36E4B /* Default */,
			);
			defaultConfigurationIsVisible = 0;
			defaultConfigurationName = Default;
		};
		168AAD8B0CD0046700F36E4B /* Build configuration list for PBXAggregateTarget "libgamma{.a, .dylib}" */ = {
			isa = XCConfigurationList;
			buildConfigurations = (
				168AAD8C0CD0046700F36E4B /* Development */,
				168AAD8D0CD0046700F36E4B /* Deployment */,
				168AAD8E0CD0046700F36E4B /* Default */,
			);
			defaultConfigurationIsVisible = 0;
			defaultConfigurationName = Default;
		};
		16BC61BC0FFC896A00AF1B29 /* Build configuration list for PBXNativeTarget "unitTests" */ = {
			isa = XCConfigurationList;
			buildConfigurations = (
				16BC61BD0FFC896A00AF1B29 /* Development */,
				16BC61BE0FFC896A00AF1B29 /* Deployment */,
				16BC61BF0FFC896A00AF1B29 /* Default */,
			);
			defaultConfigurationIsVisible = 0;
			defaultConfigurationName = Default;
		};
		67E1703F08E4B68400B04DE5 /* Build configuration list for PBXProject "gamma" */ = {
			isa = XCConfigurationList;
			buildConfigurations = (
				67E1704008E4B68400B04DE5 /* Development */,
				67E1704108E4B68400B04DE5 /* Deployment */,
				67E1704208E4B68400B04DE5 /* Default */,
			);
			defaultConfigurationIsVisible = 0;
			defaultConfigurationName = Default;
		};
		C0F9EF9E0BB05A070069B343 /* Build configuration list for PBXNativeTarget "libgamma.dylib" */ = {
			isa = XCConfigurationList;
			buildConfigurations = (
				C0F9EF9F0BB05A070069B343 /* Development */,
				C0F9EFA00BB05A070069B343 /* Deployment */,
				C0F9EFA10BB05A070069B343 /* Default */,
			);
			defaultConfigurationIsVisible = 0;
			defaultConfigurationName = Default;
		};
/* End XCConfigurationList section */
	};
	rootObject = 7EB463D00825DC05002E1A73 /* Project object */;
}
